generated_at: "2026-04-11T19:59:44Z"
dependencies:
    - name: github.com/affaan-m/everything-claude-code/skills/golang-testing
      version: 1.10.0
      git_tag: v1.10.0
      repo_url: https://github.com/affaan-m/everything-claude-code
      subdir: skills/golang-testing
      entrypoint: SKILL.md
      tree_hash: sha256:dcc504f6a3407892005823013d91c9232700d721ed515d9c499419b6e4dc2351
      files:
        - SKILL.md
    - name: github.com/forrestchang/andrej-karpathy-skills/skills/karpathy-guidelines
      version: aa4467f0b33e
      git_tag: main
      repo_url: https://github.com/forrestchang/andrej-karpathy-skills
      subdir: skills/karpathy-guidelines
      entrypoint: SKILL.md
      tree_hash: sha256:f5aae241719faa46f218a6eff19f61538d41cc5708f91f780a46f6bfcf3fdf2d
      files:
        - SKILL.md
    - name: github.com/jeffallan/claude-skills/skills/golang-pro
      version: 0.4.11
      git_tag: v0.4.11
      repo_url: https://github.com/jeffallan/claude-skills
      subdir: skills/golang-pro
      entrypoint: SKILL.md
      tree_hash: sha256:f527e3f3bf1ca1ba1a412fcaa0587b72eb62af0cee39b1ace4e9db08a53d18f6
      files:
        - SKILL.md
        - references/concurrency.md
        - references/generics.md
        - references/interfaces.md
        - references/project-structure.md
        - references/testing.md
