generated_at: "2026-05-02T03:43:25Z"
dependencies:
    - name: github.com/affaan-m/everything-claude-code/skills/golang-testing
      version: 1.10.0
      git_tag: v1.10.0
      repo_url: https://github.com/affaan-m/everything-claude-code
      subdir: skills/golang-testing
      entrypoint: SKILL.md
      tree_hash: sha256:dcc504f6a3407892005823013d91c9232700d721ed515d9c499419b6e4dc2351
      files:
        - SKILL.md
    - name: github.com/jeffallan/claude-skills/skills/golang-pro
      version: 0.4.14
      git_tag: v0.4.14
      repo_url: https://github.com/jeffallan/claude-skills
      subdir: skills/golang-pro
      entrypoint: SKILL.md
      tree_hash: sha256:a327a6d321f7f57a21fb251b85a139d406479f8ce7e5ba0eb8962dae4f4c79d6
      files:
        - SKILL.md
        - references/concurrency.md
        - references/generics.md
        - references/interfaces.md
        - references/project-structure.md
        - references/testing.md
    - name: github.com/mattpocock/skills/skills/engineering/improve-codebase-architecture
      version: b843cb5ea74b
      git_tag: main
      repo_url: https://github.com/mattpocock/skills
      subdir: skills/engineering/improve-codebase-architecture
      entrypoint: SKILL.md
      tree_hash: sha256:390676b3f66ca0791567c39135c9eec3a651474d54b3ee78f50d70ffe4c985f0
      files:
        - DEEPENING.md
        - INTERFACE-DESIGN.md
        - LANGUAGE.md
        - SKILL.md
