generated_at: "2026-06-04T01:29:44Z"
dependencies:
    - name: github.com/affaan-m/everything-claude-code/skills/golang-testing
      version: 2.0.0-rc.1
      git_tag: v2.0.0-rc.1
      repo_url: https://github.com/affaan-m/everything-claude-code
      subdir: skills/golang-testing
      entrypoint: SKILL.md
      tree_hash: sha256:dcc504f6a3407892005823013d91c9232700d721ed515d9c499419b6e4dc2351
      files:
        - SKILL.md
    - name: github.com/jeffallan/claude-skills/skills/golang-pro
      version: 0.4.15
      git_tag: v0.4.15
      repo_url: https://github.com/jeffallan/claude-skills
      subdir: skills/golang-pro
      entrypoint: SKILL.md
      tree_hash: sha256:a327a6d321f7f57a21fb251b85a139d406479f8ce7e5ba0eb8962dae4f4c79d6
      files:
        - SKILL.md
        - references/concurrency.md
        - references/generics.md
        - references/interfaces.md
        - references/project-structure.md
        - references/testing.md
    - name: github.com/mattpocock/skills/skills/engineering/improve-codebase-architecture
      version: aaf2453fbdfe
      git_tag: main
      repo_url: https://github.com/mattpocock/skills
      subdir: skills/engineering/improve-codebase-architecture
      entrypoint: SKILL.md
      tree_hash: sha256:cac84c765db710074dbd49c1e8dc3e04b4177b1a132142ae481da1afe5b823ae
      files:
        - DEEPENING.md
        - HTML-REPORT.md
        - INTERFACE-DESIGN.md
        - LANGUAGE.md
        - SKILL.md
